
Microsoft Visual Studio Solution File, Format Version 12.00
# Visual Studio Version 17
VisualStudioVersion = 17.4.33213.308
MinimumVisualStudioVersion = 10.0.40219.1
Project("{9A19103F-16F7-4668-BE54-9A1E7A4F7556}") = "BatteryIcon", "BatteryIcon\BatteryIcon.csproj", "{462F66F8-C0C8-4BBA-A14D-91DFA3122DC6}"
EndProject
Project("{9A19103F-16F7-4668-BE54-9A1E7A4F7556}") = "Binarysharp.MSharp", "Binarysharp.MSharp\Binarysharp.MSharp.csproj", "{514903FF-A5CA-4850-BFAF-68E007526A6E}"
EndProject
Project("{9A19103F-16F7-4668-BE54-9A1E7A4F7556}") = "Testing", "Testing\Testing.csproj", "{FFC2C037-66AE-4A69-9E82-BEFE5EA5762F}"
EndProject
Global
	GlobalSection(SolutionConfigurationPlatforms) = preSolution
		Debug|Any CPU = Debug|Any CPU
		Debug|x64 = Debug|x64
		Debug|x86 = Debug|x86
		Release|Any CPU = Release|Any CPU
		Release|x64 = Release|x64
		Release|x86 = Release|x86
	EndGlobalSection
	GlobalSection(ProjectConfigurationPlatforms) = postSolution
		{462F66F8-C0C8-4BBA-A14D-91DFA3122DC6}.Debug|Any CPU.ActiveCfg = Debug|Any CPU
		{462F66F8-C0C8-4BBA-A14D-91DFA3122DC6}.Debug|Any CPU.Build.0 = Debug|Any CPU
		{462F66F8-C0C8-4BBA-A14D-91DFA3122DC6}.Debug|x64.ActiveCfg = Debug|Any CPU
		{462F66F8-C0C8-4BBA-A14D-91DFA3122DC6}.Debug|x64.Build.0 = Debug|Any CPU
		{462F66F8-C0C8-4BBA-A14D-91DFA3122DC6}.Debug|x86.ActiveCfg = Debug|Any CPU
		{462F66F8-C0C8-4BBA-A14D-91DFA3122DC6}.Debug|x86.Build.0 = Debug|Any CPU
		{462F66F8-C0C8-4BBA-A14D-91DFA3122DC6}.Release|Any CPU.ActiveCfg = Release|Any CPU
		{462F66F8-C0C8-4BBA-A14D-91DFA3122DC6}.Release|Any CPU.Build.0 = Release|Any CPU
		{462F66F8-C0C8-4BBA-A14D-91DFA3122DC6}.Release|x64.ActiveCfg = Release|Any CPU
		{462F66F8-C0C8-4BBA-A14D-91DFA3122DC6}.Release|x64.Build.0 = Release|Any CPU
		{462F66F8-C0C8-4BBA-A14D-91DFA3122DC6}.Release|x86.ActiveCfg = Release|Any CPU
		{462F66F8-C0C8-4BBA-A14D-91DFA3122DC6}.Release|x86.Build.0 = Release|Any CPU
		{514903FF-A5CA-4850-BFAF-68E007526A6E}.Debug|Any CPU.ActiveCfg = Debug|Any CPU
		{514903FF-A5CA-4850-BFAF-68E007526A6E}.Debug|Any CPU.Build.0 = Debug|Any CPU
		{514903FF-A5CA-4850-BFAF-68E007526A6E}.Debug|x64.ActiveCfg = Debug|Any CPU
		{514903FF-A5CA-4850-BFAF-68E007526A6E}.Debug|x64.Build.0 = Debug|Any CPU
		{514903FF-A5CA-4850-BFAF-68E007526A6E}.Debug|x86.ActiveCfg = Debug|Any CPU
		{514903FF-A5CA-4850-BFAF-68E007526A6E}.Debug|x86.Build.0 = Debug|Any CPU
		{514903FF-A5CA-4850-BFAF-68E007526A6E}.Release|Any CPU.ActiveCfg = Release|Any CPU
		{514903FF-A5CA-4850-BFAF-68E007526A6E}.Release|Any CPU.Build.0 = Release|Any CPU
		{514903FF-A5CA-4850-BFAF-68E007526A6E}.Release|x64.ActiveCfg = Release|Any CPU
		{514903FF-A5CA-4850-BFAF-68E007526A6E}.Release|x64.Build.0 = Release|Any CPU
		{514903FF-A5CA-4850-BFAF-68E007526A6E}.Release|x86.ActiveCfg = Release|Any CPU
		{514903FF-A5CA-4850-BFAF-68E007526A6E}.Release|x86.Build.0 = Release|Any CPU
		{FFC2C037-66AE-4A69-9E82-BEFE5EA5762F}.Debug|Any CPU.ActiveCfg = Debug|Any CPU
		{FFC2C037-66AE-4A69-9E82-BEFE5EA5762F}.Debug|Any CPU.Build.0 = Debug|Any CPU
		{FFC2C037-66AE-4A69-9E82-BEFE5EA5762F}.Debug|x64.ActiveCfg = Debug|Any CPU
		{FFC2C037-66AE-4A69-9E82-BEFE5EA5762F}.Debug|x64.Build.0 = Debug|Any CPU
		{FFC2C037-66AE-4A69-9E82-BEFE5EA5762F}.Debug|x86.ActiveCfg = Debug|Any CPU
		{FFC2C037-66AE-4A69-9E82-BEFE5EA5762F}.Debug|x86.Build.0 = Debug|Any CPU
		{FFC2C037-66AE-4A69-9E82-BEFE5EA5762F}.Release|Any CPU.ActiveCfg = Release|Any CPU
		{FFC2C037-66AE-4A69-9E82-BEFE5EA5762F}.Release|Any CPU.Build.0 = Release|Any CPU
		{FFC2C037-66AE-4A69-9E82-BEFE5EA5762F}.Release|x64.ActiveCfg = Release|Any CPU
		{FFC2C037-66AE-4A69-9E82-BEFE5EA5762F}.Release|x64.Build.0 = Release|Any CPU
		{FFC2C037-66AE-4A69-9E82-BEFE5EA5762F}.Release|x86.ActiveCfg = Release|Any CPU
		{FFC2C037-66AE-4A69-9E82-BEFE5EA5762F}.Release|x86.Build.0 = Release|Any CPU
	EndGlobalSection
	GlobalSection(SolutionProperties) = preSolution
		HideSolutionNode = FALSE
	EndGlobalSection
	GlobalSection(ExtensibilityGlobals) = postSolution
		SolutionGuid = {40CE69B1-8F7D-4C73-97FF-A6CC930058EF}
	EndGlobalSection
EndGlobal
